// !$*UTF8*$!
{
	archiveVersion = 1;
	classes = {
	};
	objectVersion = 50;
	objects = {

/* Begin PBXBuildFile section */
		4C78BF0320B982C9005B7602 /* AppDelegate.swift in Sources */ = {isa = PBXBuildFile; fileRef = 4C78BF0220B982C9005B7602 /* AppDelegate.swift */; };
		4C78BF0520B982C9005B7602 /* ViewController.swift in Sources */ = {isa = PBXBuildFile; fileRef = 4C78BF0420B982C9005B7602 /* ViewController.swift */; };
		4C78BF0820B982C9005B7602 /* Main.storyboard in Resources */ = {isa = PBXBuildFile; fileRef = 4C78BF0620B982C9005B7602 /* Main.storyboard */; };
		4C78BF0B20B982C9005B7602 /* FoodTracker.xcdatamodeld in Sources */ = {isa = PBXBuildFile; fileRef = 4C78BF0920B982C9005B7602 /* FoodTracker.xcdatamodeld */; };
		4C78BF0D20B982CB005B7602 /* Assets.xcassets in Resources */ = {isa = PBXBuildFile; fileRef = 4C78BF0C20B982CB005B7602 /* Assets.xcassets */; };
		4C78BF1020B982CB005B7602 /* LaunchScreen.storyboard in Resources */ = {isa = PBXBuildFile; fileRef = 4C78BF0E20B982CB005B7602 /* LaunchScreen.storyboard */; };
		4C78BF1B20B982CC005B7602 /* FoodTrackerTests.swift in Sources */ = {isa = PBXBuildFile; fileRef = 4C78BF1A20B982CC005B7602 /* FoodTrackerTests.swift */; };
		4C78BF2620B982CC005B7602 /* FoodTrackerUITests.swift in Sources */ = {isa = PBXBuildFile; fileRef = 4C78BF2520B982CC005B7602 /* FoodTrackerUITests.swift */; };
/* End PBXBuildFile section */

/* Begin PBXContainerItemProxy section */
		4C78BF1720B982CC005B7602 /* PBXContainerItemProxy */ = {
			isa = PBXContainerItemProxy;
			containerPortal = 4C78BEF720B982C9005B7602 /* Project object */;
			proxyType = 1;
			remoteGlobalIDString = 4C78BEFE20B982C9005B7602;
			remoteInfo = FoodTracker;
		};
		4C78BF2220B982CC005B7602 /* PBXContainerItemProxy */ = {
			isa = PBXContainerItemProxy;
			containerPortal = 4C78BEF720B982C9005B7602 /* Project object */;
			proxyType = 1;
			remoteGlobalIDString = 4C78BEFE20B982C9005B7602;
			remoteInfo = FoodTracker;
		};
/* End PBXContainerItemProxy section */

/* Begin PBXFileReference section */
		4C78BEFF20B982C9005B7602 /* FoodTracker.app */ = {isa = PBXFileReference; explicitFileType = wrapper.application; includeInIndex = 0; path = FoodTracker.app; sourceTree = BUILT_PRODUCTS_DIR; };
		4C78BF0220B982C9005B7602 /* AppDelegate.swift */ = {isa = PBXFileReference; lastKnownFileType = sourcecode.swift; path = AppDelegate.swift; sourceTree = "<group>"; };
		4C78BF0420B982C9005B7602 /* ViewController.swift */ = {isa = PBXFileReference; lastKnownFileType = sourcecode.swift; path = ViewController.swift; sourceTree = "<group>"; };
		4C78BF0720B982C9005B7602 /* Base */ = {isa = PBXFileReference; lastKnownFileType = file.storyboard; name = Base; path = Base.lproj/Main.storyboard; sourceTree = "<group>"; };
		4C78BF0A20B982C9005B7602 /* FoodTracker.xcdatamodel */ = {isa = PBXFileReference; lastKnownFileType = wrapper.xcdatamodel; path = FoodTracker.xcdatamodel; sourceTree = "<group>"; };
		4C78BF0C20B982CB005B7602 /* Assets.xcassets */ = {isa = PBXFileReference; lastKnownFileType = folder.assetcatalog; path = Assets.xcassets; sourceTree = "<group>"; };
		4C78BF0F20B982CB005B7602 /* Base */ = {isa = PBXFileReference; lastKnownFileType = file.storyboard; name = Base; path = Base.lproj/LaunchScreen.storyboard; sourceTree = "<group>"; };
		4C78BF1120B982CB005B7602 /* Info.plist */ = {isa = PBXFileReference; lastKnownFileType = text.plist.xml; path = Info.plist; sourceTree = "<group>"; };
		4C78BF1620B982CC005B7602 /* FoodTrackerTests.xctest */ = {isa = PBXFileReference; explicitFileType = wrapper.cfbundle; includeInIndex = 0; path = FoodTrackerTests.xctest; sourceTree = BUILT_PRODUCTS_DIR; };
		4C78BF1A20B982CC005B7602 /* FoodTrackerTests.swift */ = {isa = PBXFileReference; lastKnownFileType = sourcecode.swift; path = FoodTrackerTests.swift; sourceTree = "<group>"; };
		4C78BF1C20B982CC005B7602 /* Info.plist */ = {isa = PBXFileReference; lastKnownFileType = text.plist.xml; path = Info.plist; sourceTree = "<group>"; };
		4C78BF2120B982CC005B7602 /* FoodTrackerUITests.xctest */ = {isa = PBXFileReference; explicitFileType = wrapper.cfbundle; includeInIndex = 0; path = FoodTrackerUITests.xctest; sourceTree = BUILT_PRODUCTS_DIR; };
		4C78BF2520B982CC005B7602 /* FoodTrackerUITests.swift */ = {isa = PBXFileReference; lastKnownFileType = sourcecode.swift; path = FoodTrackerUITests.swift; sourceTree = "<group>"; };
		4C78BF2720B982CC005B7602 /* Info.plist */ = {isa = PBXFileReference; lastKnownFileType = text.plist.xml; path = Info.plist; sourceTree = "<group>"; };
/* End PBXFileReference section */

/* Begin PBXFrameworksBuildPhase section */
		4C78BEFC20B982C9005B7602 /* Frameworks */ = {
			isa = PBXFrameworksBuildPhase;
			buildActionMask = 2147483647;
			files = (
			);
			runOnlyForDeploymentPostprocessing = 0;
		};
		4C78BF1320B982CC005B7602 /* Frameworks */ = {
			isa = PBXFrameworksBuildPhase;
			buildActionMask = 2147483647;
			files = (
			);
			runOnlyForDeploymentPostprocessing = 0;
		};
		4C78BF1E20B982CC005B7602 /* Frameworks */ = {
			isa = PBXFrameworksBuildPhase;
			buildActionMask = 2147483647;
			files = (
			);
			runOnlyForDeploymentPostprocessing = 0;
		};
/* End PBXFrameworksBuildPhase section */

/* Begin PBXGroup section */
		4C78BEF620B982C9005B7602 = {
			isa = PBXGroup;
			children = (
				4C78BF0120B982C9005B7602 /* FoodTracker */,
				4C78BF1920B982CC005B7602 /* FoodTrackerTests */,
				4C78BF2420B982CC005B7602 /* FoodTrackerUITests */,
				4C78BF0020B982C9005B7602 /* Products */,
			);
			sourceTree = "<group>";
		};
		4C78BF0020B982C9005B7602 /* Products */ = {
			isa = PBXGroup;
			children = (
				4C78BEFF20B982C9005B7602 /* FoodTracker.app */,
				4C78BF1620B982CC005B7602 /* FoodTrackerTests.xctest */,
				4C78BF2120B982CC005B7602 /* FoodTrackerUITests.xctest */,
			);
			name = Products;
			sourceTree = "<group>";
		};
		4C78BF0120B982C9005B7602 /* FoodTracker */ = {
			isa = PBXGroup;
			children = (
				4C78BF0220B982C9005B7602 /* AppDelegate.swift */,
				4C78BF0420B982C9005B7602 /* ViewController.swift */,
				4C78BF0620B982C9005B7602 /* Main.storyboard */,
				4C78BF0C20B982CB005B7602 /* Assets.xcassets */,
				4C78BF0E20B982CB005B7602 /* LaunchScreen.storyboard */,
				4C78BF1120B982CB005B7602 /* Info.plist */,
				4C78BF0920B982C9005B7602 /* FoodTracker.xcdatamodeld */,
			);
			path = FoodTracker;
			sourceTree = "<group>";
		};
		4C78BF1920B982CC005B7602 /* FoodTrackerTests */ = {
			isa = PBXGroup;
			children = (
				4C78BF1A20B982CC005B7602 /* FoodTrackerTests.swift */,
				4C78BF1C20B982CC005B7602 /* Info.plist */,
			);
			path = FoodTrackerTests;
			sourceTree = "<group>";
		};
		4C78BF2420B982CC005B7602 /* FoodTrackerUITests */ = {
			isa = PBXGroup;
			children = (
				4C78BF2520B982CC005B7602 /* FoodTrackerUITests.swift */,
				4C78BF2720B982CC005B7602 /* Info.plist */,
			);
			path = FoodTrackerUITests;
			sourceTree = "<group>";
		};
/* End PBXGroup section */

/* Begin PBXNativeTarget section */
		4C78BEFE20B982C9005B7602 /* FoodTracker */ = {
			isa = PBXNativeTarget;
			buildConfigurationList = 4C78BF2A20B982CC005B7602 /* Build configuration list for PBXNativeTarget "FoodTracker" */;
			buildPhases = (
				4C78BEFB20B982C9005B7602 /* Sources */,
				4C78BEFC20B982C9005B7602 /* Frameworks */,
				4C78BEFD20B982C9005B7602 /* Resources */,
			);
			buildRules = (
			);
			dependencies = (
			);
			name = FoodTracker;
			productName = FoodTracker;
			productReference = 4C78BEFF20B982C9005B7602 /* FoodTracker.app */;
			productType = "com.apple.product-type.application";
		};
		4C78BF1520B982CC005B7602 /* FoodTrackerTests */ = {
			isa = PBXNativeTarget;
			buildConfigurationList = 4C78BF2D20B982CC005B7602 /* Build configuration list for PBXNativeTarget "FoodTrackerTests" */;
			buildPhases = (
				4C78BF1220B982CC005B7602 /* Sources */,
				4C78BF1320B982CC005B7602 /* Frameworks */,
				4C78BF1420B982CC005B7602 /* Resources */,
			);
			buildRules = (
			);
			dependencies = (
				4C78BF1820B982CC005B7602 /* PBXTargetDependency */,
			);
			name = FoodTrackerTests;
			productName = FoodTrackerTests;
			productReference = 4C78BF1620B982CC005B7602 /* FoodTrackerTests.xctest */;
			productType = "com.apple.product-type.bundle.unit-test";
		};
		4C78BF2020B982CC005B7602 /* FoodTrackerUITests */ = {
			isa = PBXNativeTarget;
			buildConfigurationList = 4C78BF3020B982CC005B7602 /* Build configuration list for PBXNativeTarget "FoodTrackerUITests" */;
			buildPhases = (
				4C78BF1D20B982CC005B7602 /* Sources */,
				4C78BF1E20B982CC005B7602 /* Frameworks */,
				4C78BF1F20B982CC005B7602 /* Resources */,
			);
			buildRules = (
			);
			dependencies = (
				4C78BF2320B982CC005B7602 /* PBXTargetDependency */,
			);
			name = FoodTrackerUITests;
			productName = FoodTrackerUITests;
			productReference = 4C78BF2120B982CC005B7602 /* FoodTrackerUITests.xctest */;
			productType = "com.apple.product-type.bundle.ui-testing";
		};
/* End PBXNativeTarget section */

/* Begin PBXProject section */
		4C78BEF720B982C9005B7602 /* Project object */ = {
			isa = PBXProject;
			attributes = {
				LastSwiftUpdateCheck = 0930;
				LastUpgradeCheck = 0930;
				ORGANIZATIONNAME = daozzg;
				TargetAttributes = {
					4C78BEFE20B982C9005B7602 = {
						CreatedOnToolsVersion = 9.3.1;
					};
					4C78BF1520B982CC005B7602 = {
						CreatedOnToolsVersion = 9.3.1;
						TestTargetID = 4C78BEFE20B982C9005B7602;
					};
					4C78BF2020B982CC005B7602 = {
						CreatedOnToolsVersion = 9.3.1;
						TestTargetID = 4C78BEFE20B982C9005B7602;
					};
				};
			};
			buildConfigurationList = 4C78BEFA20B982C9005B7602 /* Build configuration list for PBXProject "FoodTracker" */;
			compatibilityVersion = "Xcode 9.3";
			developmentRegion = en;
			hasScannedForEncodings = 0;
			knownRegions = (
				en,
				Base,
			);
			mainGroup = 4C78BEF620B982C9005B7602;
			productRefGroup = 4C78BF0020B982C9005B7602 /* Products */;
			projectDirPath = "";
			projectRoot = "";
			targets = (
				4C78BEFE20B982C9005B7602 /* FoodTracker */,
				4C78BF1520B982CC005B7602 /* FoodTrackerTests */,
				4C78BF2020B982CC005B7602 /* FoodTrackerUITests */,
			);
		};
/* End PBXProject section */

/* Begin PBXResourcesBuildPhase section */
		4C78BEFD20B982C9005B7602 /* Resources */ = {
			isa = PBXResourcesBuildPhase;
			buildActionMask = 2147483647;
			files = (
				4C78BF1020B982CB005B7602 /* LaunchScreen.storyboard in Resources */,
				4C78BF0D20B982CB005B7602 /* Assets.xcassets in Resources */,
				4C78BF0820B982C9005B7602 /* Main.storyboard in Resources */,
			);
			runOnlyForDeploymentPostprocessing = 0;
		};
		4C78BF1420B982CC005B7602 /* Resources */ = {
			isa = PBXResourcesBuildPhase;
			buildActionMask = 2147483647;
			files = (
			);
			runOnlyForDeploymentPostprocessing = 0;
		};
		4C78BF1F20B982CC005B7602 /* Resources */ = {
			isa = PBXResourcesBuildPhase;
			buildActionMask = 2147483647;
			files = (
			);
			runOnlyForDeploymentPostprocessing = 0;
		};
/* End PBXResourcesBuildPhase section */

/* Begin PBXSourcesBuildPhase section */
		4C78BEFB20B982C9005B7602 /* Sources */ = {
			isa = PBXSourcesBuildPhase;
			buildActionMask = 2147483647;
			files = (
				4C78BF0520B982C9005B7602 /* ViewController.swift in Sources */,
				4C78BF0320B982C9005B7602 /* AppDelegate.swift in Sources */,
				4C78BF0B20B982C9005B7602 /* FoodTracker.xcdatamodeld in Sources */,
			);
			runOnlyForDeploymentPostprocessing = 0;
		};
		4C78BF1220B982CC005B7602 /* Sources */ = {
			isa = PBXSourcesBuildPhase;
			buildActionMask = 2147483647;
			files = (
				4C78BF1B20B982CC005B7602 /* FoodTrackerTests.swift in Sources */,
			);
			runOnlyForDeploymentPostprocessing = 0;
		};
		4C78BF1D20B982CC005B7602 /* Sources */ = {
			isa = PBXSourcesBuildPhase;
			buildActionMask = 2147483647;
			files = (
				4C78BF2620B982CC005B7602 /* FoodTrackerUITests.swift in Sources */,
			);
			runOnlyForDeploymentPostprocessing = 0;
		};
/* End PBXSourcesBuildPhase section */

/* Begin PBXTargetDependency section */
		4C78BF1820B982CC005B7602 /* PBXTargetDependency */ = {
			isa = PBXTargetDependency;
			target = 4C78BEFE20B982C9005B7602 /* FoodTracker */;
			targetProxy = 4C78BF1720B982CC005B7602 /* PBXContainerItemProxy */;
		};
		4C78BF2320B982CC005B7602 /* PBXTargetDependency */ = {
			isa = PBXTargetDependency;
			target = 4C78BEFE20B982C9005B7602 /* FoodTracker */;
			targetProxy = 4C78BF2220B982CC005B7602 /* PBXContainerItemProxy */;
		};
/* End PBXTargetDependency section */

/* Begin PBXVariantGroup section */
		4C78BF0620B982C9005B7602 /* Main.storyboard */ = {
			isa = PBXVariantGroup;
			children = (
				4C78BF0720B982C9005B7602 /* Base */,
			);
			name = Main.storyboard;
			sourceTree = "<group>";
		};
		4C78BF0E20B982CB005B7602 /* LaunchScreen.storyboard */ = {
			isa = PBXVariantGroup;
			children = (
				4C78BF0F20B982CB005B7602 /* Base */,
			);
			name = LaunchScreen.storyboard;
			sourceTree = "<group>";
		};
/* End PBXVariantGroup section */

/* Begin XCBuildConfiguration section */
		4C78BF2820B982CC005B7602 /* Debug */ = {
			isa = XCBuildConfiguration;
			buildSettings = {
				ALWAYS_SEARCH_USER_PATHS = NO;
				CLANG_ANALYZER_NONNULL = YES;
				CLANG_ANALYZER_NUMBER_OBJECT_CONVERSION = YES_AGGRESSIVE;
				CLANG_CXX_LANGUAGE_STANDARD = "gnu++14";
				CLANG_CXX_LIBRARY = "libc++";
				CLANG_ENABLE_MODULES = YES;
				CLANG_ENABLE_OBJC_ARC = YES;
				CLANG_ENABLE_OBJC_WEAK = YES;
				CLANG_WARN_BLOCK_CAPTURE_AUTORELEASING = YES;
				CLANG_WARN_BOOL_CONVERSION = YES;
				CLANG_WARN_COMMA = YES;
				CLANG_WARN_CONSTANT_CONVERSION = YES;
				CLANG_WARN_DEPRECATED_OBJC_IMPLEMENTATIONS = YES;
				CLANG_WARN_DIRECT_OBJC_ISA_USAGE = YES_ERROR;
				CLANG_WARN_DOCUMENTATION_COMMENTS = YES;
				CLANG_WARN_EMPTY_BODY = YES;
				CLANG_WARN_ENUM_CONVERSION = YES;
				CLANG_WARN_INFINITE_RECURSION = YES;
				CLANG_WARN_INT_CONVERSION = YES;
				CLANG_WARN_NON_LITERAL_NULL_CONVERSION = YES;
				CLANG_WARN_OBJC_IMPLICIT_RETAIN_SELF = YES;
				CLANG_WARN_OBJC_LITERAL_CONVERSION = YES;
				CLANG_WARN_OBJC_ROOT_CLASS = YES_ERROR;
				CLANG_WARN_RANGE_LOOP_ANALYSIS = YES;
				CLANG_WARN_STRICT_PROTOTYPES = YES;
				CLANG_WARN_SUSPICIOUS_MOVE = YES;
				CLANG_WARN_UNGUARDED_AVAILABILITY = YES_AGGRESSIVE;
				CLANG_WARN_UNREACHABLE_CODE = YES;
				CLANG_WARN__DUPLICATE_METHOD_MATCH = YES;
				CODE_SIGN_IDENTITY = "iPhone Developer";
				COPY_PHASE_STRIP = NO;
				DEBUG_INFORMATION_FORMAT = dwarf;
				ENABLE_STRICT_OBJC_MSGSEND = YES;
				ENABLE_TESTABILITY = YES;
				GCC_C_LANGUAGE_STANDARD = gnu11;
				GCC_DYNAMIC_NO_PIC = NO;
				GCC_NO_COMMON_BLOCKS = YES;
				GCC_OPTIMIZATION_LEVEL = 0;
				GCC_PREPROCESSOR_DEFINITIONS = (
					"DEBUG=1",
					"$(inherited)",
				);
				GCC_WARN_64_TO_32_BIT_CONVERSION = YES;
				GCC_WARN_ABOUT_RETURN_TYPE = YES_ERROR;
				GCC_WARN_UNDECLARED_SELECTOR = YES;
				GCC_WARN_UNINITIALIZED_AUTOS = YES_AGGRESSIVE;
				GCC_WARN_UNUSED_FUNCTION = YES;
				GCC_WARN_UNUSED_VARIABLE = YES;
				IPHONEOS_DEPLOYMENT_TARGET = 11.3;
				MTL_ENABLE_DEBUG_INFO = YES;
				ONLY_ACTIVE_ARCH = YES;
				SDKROOT = iphoneos;
				SWIFT_ACTIVE_COMPILATION_CONDITIONS = DEBUG;
				SWIFT_OPTIMIZATION_LEVEL = "-Onone";
			};
			name = Debug;
		};
		4C78BF2920B982CC005B7602 /* Release */ = {
			isa = XCBuildConfiguration;
			buildSettings = {
				ALWAYS_SEARCH_USER_PATHS = NO;
				CLANG_ANALYZER_NONNULL = YES;
				CLANG_ANALYZER_NUMBER_OBJECT_CONVERSION = YES_AGGRESSIVE;
				CLANG_CXX_LANGUAGE_STANDARD = "gnu++14";
				CLANG_CXX_LIBRARY = "libc++";
				CLANG_ENABLE_MODULES = YES;
				CLANG_ENABLE_OBJC_ARC = YES;
				CLANG_ENABLE_OBJC_WEAK = YES;
				CLANG_WARN_BLOCK_CAPTURE_AUTORELEASING = YES;
				CLANG_WARN_BOOL_CONVERSION = YES;
				CLANG_WARN_COMMA = YES;
				CLANG_WARN_CONSTANT_CONVERSION = YES;
				CLANG_WARN_DEPRECATED_OBJC_IMPLEMENTATIONS = YES;
				CLANG_WARN_DIRECT_OBJC_ISA_USAGE = YES_ERROR;
				CLANG_WARN_DOCUMENTATION_COMMENTS = YES;
				CLANG_WARN_EMPTY_BODY = YES;
				CLANG_WARN_ENUM_CONVERSION = YES;
				CLANG_WARN_INFINITE_RECURSION = YES;
				CLANG_WARN_INT_CONVERSION = YES;
				CLANG_WARN_NON_LITERAL_NULL_CONVERSION = YES;
				CLANG_WARN_OBJC_IMPLICIT_RETAIN_SELF = YES;
				CLANG_WARN_OBJC_LITERAL_CONVERSION = YES;
				CLANG_WARN_OBJC_ROOT_CLASS = YES_ERROR;
				CLANG_WARN_RANGE_LOOP_ANALYSIS = YES;
				CLANG_WARN_STRICT_PROTOTYPES = YES;
				CLANG_WARN_SUSPICIOUS_MOVE = YES;
				CLANG_WARN_UNGUARDED_AVAILABILITY = YES_AGGRESSIVE;
				CLANG_WARN_UNREACHABLE_CODE = YES;
				CLANG_WARN__DUPLICATE_METHOD_MATCH = YES;
				CODE_SIGN_IDENTITY = "iPhone Developer";
				COPY_PHASE_STRIP = NO;
				DEBUG_INFORMATION_FORMAT = "dwarf-with-dsym";
				ENABLE_NS_ASSERTIONS = NO;
				ENABLE_STRICT_OBJC_MSGSEND = YES;
				GCC_C_LANGUAGE_STANDARD = gnu11;
				GCC_NO_COMMON_BLOCKS = YES;
				GCC_WARN_64_TO_32_BIT_CONVERSION = YES;
				GCC_WARN_ABOUT_RETURN_TYPE = YES_ERROR;
				GCC_WARN_UNDECLARED_SELECTOR = YES;
				GCC_WARN_UNINITIALIZED_AUTOS = YES_AGGRESSIVE;
				GCC_WARN_UNUSED_FUNCTION = YES;
				GCC_WARN_UNUSED_VARIABLE = YES;
				IPHONEOS_DEPLOYMENT_TARGET = 11.3;
				MTL_ENABLE_DEBUG_INFO = NO;
				SDKROOT = iphoneos;
				SWIFT_COMPILATION_MODE = wholemodule;
				SWIFT_OPTIMIZATION_LEVEL = "-O";
				VALIDATE_PRODUCT = YES;
			};
			name = Release;
		};
		4C78BF2B20B982CC005B7602 /* Debug */ = {
			isa = XCBuildConfiguration;
			buildSettings = {
				ASSETCATALOG_COMPILER_APPICON_NAME = AppIcon;
				CODE_SIGN_STYLE = Automatic;
				DEVELOPMENT_TEAM = 6CS69Y977H;
				INFOPLIST_FILE = FoodTracker/Info.plist;
				LD_RUNPATH_SEARCH_PATHS = (
					"$(inherited)",
					"@executable_path/Frameworks",
				);
				PRODUCT_BUNDLE_IDENTIFIER = com.daozzg.FoodTracker;
				PRODUCT_NAME = "$(TARGET_NAME)";
				SWIFT_VERSION = 4.0;
				TARGETED_DEVICE_FAMILY = "1,2";
			};
			name = Debug;
		};
		4C78BF2C20B982CC005B7602 /* Release */ = {
			isa = XCBuildConfiguration;
			buildSettings = {
				ASSETCATALOG_COMPILER_APPICON_NAME = AppIcon;
				CODE_SIGN_STYLE = Automatic;
				DEVELOPMENT_TEAM = 6CS69Y977H;
				INFOPLIST_FILE = FoodTracker/Info.plist;
				LD_RUNPATH_SEARCH_PATHS = (
					"$(inherited)",
					"@executable_path/Frameworks",
				);
				PRODUCT_BUNDLE_IDENTIFIER = com.daozzg.FoodTracker;
				PRODUCT_NAME = "$(TARGET_NAME)";
				SWIFT_VERSION = 4.0;
				TARGETED_DEVICE_FAMILY = "1,2";
			};
			name = Release;
		};
		4C78BF2E20B982CC005B7602 /* Debug */ = {
			isa = XCBuildConfiguration;
			buildSettings = {
				ALWAYS_EMBED_SWIFT_STANDARD_LIBRARIES = YES;
				BUNDLE_LOADER = "$(TEST_HOST)";
				CODE_SIGN_STYLE = Automatic;
				DEVELOPMENT_TEAM = 6CS69Y977H;
				INFOPLIST_FILE = FoodTrackerTests/Info.plist;
				LD_RUNPATH_SEARCH_PATHS = (
					"$(inherited)",
					"@executable_path/Frameworks",
					"@loader_path/Frameworks",
				);
				PRODUCT_BUNDLE_IDENTIFIER = com.daozzg.FoodTrackerTests;
				PRODUCT_NAME = "$(TARGET_NAME)";
				SWIFT_VERSION = 4.0;
				TARGETED_DEVICE_FAMILY = "1,2";
				TEST_HOST = "$(BUILT_PRODUCTS_DIR)/FoodTracker.app/FoodTracker";
			};
			name = Debug;
		};
		4C78BF2F20B982CC005B7602 /* Release */ = {
			isa = XCBuildConfiguration;
			buildSettings = {
				ALWAYS_EMBED_SWIFT_STANDARD_LIBRARIES = YES;
				BUNDLE_LOADER = "$(TEST_HOST)";
				CODE_SIGN_STYLE = Automatic;
				DEVELOPMENT_TEAM = 6CS69Y977H;
				INFOPLIST_FILE = FoodTrackerTests/Info.plist;
				LD_RUNPATH_SEARCH_PATHS = (
					"$(inherited)",
					"@executable_path/Frameworks",
					"@loader_path/Frameworks",
				);
				PRODUCT_BUNDLE_IDENTIFIER = com.daozzg.FoodTrackerTests;
				PRODUCT_NAME = "$(TARGET_NAME)";
				SWIFT_VERSION = 4.0;
				TARGETED_DEVICE_FAMILY = "1,2";
				TEST_HOST = "$(BUILT_PRODUCTS_DIR)/FoodTracker.app/FoodTracker";
			};
			name = Release;
		};
		4C78BF3120B982CC005B7602 /* Debug */ = {
			isa = XCBuildConfiguration;
			buildSettings = {
				ALWAYS_EMBED_SWIFT_STANDARD_LIBRARIES = YES;
				CODE_SIGN_STYLE = Automatic;
				DEVELOPMENT_TEAM = 6CS69Y977H;
				INFOPLIST_FILE = FoodTrackerUITests/Info.plist;
				LD_RUNPATH_SEARCH_PATHS = (
					"$(inherited)",
					"@executable_path/Frameworks",
					"@loader_path/Frameworks",
				);
				PRODUCT_BUNDLE_IDENTIFIER = com.daozzg.FoodTrackerUITests;
				PRODUCT_NAME = "$(TARGET_NAME)";
				SWIFT_VERSION = 4.0;
				TARGETED_DEVICE_FAMILY = "1,2";
				TEST_TARGET_NAME = FoodTracker;
			};
			name = Debug;
		};
		4C78BF3220B982CC005B7602 /* Release */ = {
			isa = XCBuildConfiguration;
			buildSettings = {
				ALWAYS_EMBED_SWIFT_STANDARD_LIBRARIES = YES;
				CODE_SIGN_STYLE = Automatic;
				DEVELOPMENT_TEAM = 6CS69Y977H;
				INFOPLIST_FILE = FoodTrackerUITests/Info.plist;
				LD_RUNPATH_SEARCH_PATHS = (
					"$(inherited)",
					"@executable_path/Frameworks",
					"@loader_path/Frameworks",
				);
				PRODUCT_BUNDLE_IDENTIFIER = com.daozzg.FoodTrackerUITests;
				PRODUCT_NAME = "$(TARGET_NAME)";
				SWIFT_VERSION = 4.0;
				TARGETED_DEVICE_FAMILY = "1,2";
				TEST_TARGET_NAME = FoodTracker;
			};
			name = Release;
		};
/* End XCBuildConfiguration section */

/* Begin XCConfigurationList section */
		4C78BEFA20B982C9005B7602 /* Build configuration list for PBXProject "FoodTracker" */ = {
			isa = XCConfigurationList;
			buildConfigurations = (
				4C78BF2820B982CC005B7602 /* Debug */,
				4C78BF2920B982CC005B7602 /* Release */,
			);
			defaultConfigurationIsVisible = 0;
			defaultConfigurationName = Release;
		};
		4C78BF2A20B982CC005B7602 /* Build configuration list for PBXNativeTarget "FoodTracker" */ = {
			isa = XCConfigurationList;
			buildConfigurations = (
				4C78BF2B20B982CC005B7602 /* Debug */,
				4C78BF2C20B982CC005B7602 /* Release */,
			);
			defaultConfigurationIsVisible = 0;
			defaultConfigurationName = Release;
		};
		4C78BF2D20B982CC005B7602 /* Build configuration list for PBXNativeTarget "FoodTrackerTests" */ = {
			isa = XCConfigurationList;
			buildConfigurations = (
				4C78BF2E20B982CC005B7602 /* Debug */,
				4C78BF2F20B982CC005B7602 /* Release */,
			);
			defaultConfigurationIsVisible = 0;
			defaultConfigurationName = Release;
		};
		4C78BF3020B982CC005B7602 /* Build configuration list for PBXNativeTarget "FoodTrackerUITests" */ = {
			isa = XCConfigurationList;
			buildConfigurations = (
				4C78BF3120B982CC005B7602 /* Debug */,
				4C78BF3220B982CC005B7602 /* Release */,
			);
			defaultConfigurationIsVisible = 0;
			defaultConfigurationName = Release;
		};
/* End XCConfigurationList section */

/* Begin XCVersionGroup section */
		4C78BF0920B982C9005B7602 /* FoodTracker.xcdatamodeld */ = {
			isa = XCVersionGroup;
			children = (
				4C78BF0A20B982C9005B7602 /* FoodTracker.xcdatamodel */,
			);
			currentVersion = 4C78BF0A20B982C9005B7602 /* FoodTracker.xcdatamodel */;
			path = FoodTracker.xcdatamodeld;
			sourceTree = "<group>";
			versionGroupType = wrapper.xcdatamodel;
		};
/* End XCVersionGroup section */
	};
	rootObject = 4C78BEF720B982C9005B7602 /* Project object */;
}
